// !$*UTF8*$!
{
	archiveVersion = 1;
	classes = {
	};
	objectVersion = 46;
	objects = {

/* Begin PBXBuildFile section */
		117EE3831E1BF50400E071E0 /* AppDelegate.swift in Sources */ = {isa = PBXBuildFile; fileRef = 117EE3821E1BF50400E071E0 /* AppDelegate.swift */; };
		117EE3851E1BF50400E071E0 /* art.scnassets in Resources */ = {isa = PBXBuildFile; fileRef = 117EE3841E1BF50400E071E0 /* art.scnassets */; };
		117EE3871E1BF50400E071E0 /* GameViewController.swift in Sources */ = {isa = PBXBuildFile; fileRef = 117EE3861E1BF50400E071E0 /* GameViewController.swift */; };
		117EE38A1E1BF50400E071E0 /* Main.storyboard in Resources */ = {isa = PBXBuildFile; fileRef = 117EE3881E1BF50400E071E0 /* Main.storyboard */; };
		117EE38C1E1BF50400E071E0 /* Assets.xcassets in Resources */ = {isa = PBXBuildFile; fileRef = 117EE38B1E1BF50400E071E0 /* Assets.xcassets */; };
		117EE38F1E1BF50400E071E0 /* LaunchScreen.storyboard in Resources */ = {isa = PBXBuildFile; fileRef = 117EE38D1E1BF50400E071E0 /* LaunchScreen.storyboard */; };
/* End PBXBuildFile section */

/* Begin PBXFileReference section */
		117EE37F1E1BF50400E071E0 /* SceneKitDemo.app */ = {isa = PBXFileReference; explicitFileType = wrapper.application; includeInIndex = 0; path = SceneKitDemo.app; sourceTree = BUILT_PRODUCTS_DIR; };
		117EE3821E1BF50400E071E0 /* AppDelegate.swift */ = {isa = PBXFileReference; lastKnownFileType = sourcecode.swift; path = AppDelegate.swift; sourceTree = "<group>"; };
		117EE3841E1BF50400E071E0 /* art.scnassets */ = {isa = PBXFileReference; lastKnownFileType = wrapper.scnassets; path = art.scnassets; sourceTree = "<group>"; };
		117EE3861E1BF50400E071E0 /* GameViewController.swift */ = {isa = PBXFileReference; lastKnownFileType = sourcecode.swift; path = GameViewController.swift; sourceTree = "<group>"; };
		117EE3891E1BF50400E071E0 /* Base */ = {isa = PBXFileReference; lastKnownFileType = file.storyboard; name = Base; path = Base.lproj/Main.storyboard; sourceTree = "<group>"; };
		117EE38B1E1BF50400E071E0 /* Assets.xcassets */ = {isa = PBXFileReference; lastKnownFileType = folder.assetcatalog; path = Assets.xcassets; sourceTree = "<group>"; };
		117EE38E1E1BF50400E071E0 /* Base */ = {isa = PBXFileReference; lastKnownFileType = file.storyboard; name = Base; path = Base.lproj/LaunchScreen.storyboard; sourceTree = "<group>"; };
		117EE3901E1BF50400E071E0 /* Info.plist */ = {isa = PBXFileReference; lastKnownFileType = text.plist.xml; path = Info.plist; sourceTree = "<group>"; };
/* End PBXFileReference section */

/* Begin PBXFrameworksBuildPhase section */
		117EE37C1E1BF50400E071E0 /* Frameworks */ = {
			isa = PBXFrameworksBuildPhase;
			buildActionMask = 2147483647;
			files = (
			);
			runOnlyForDeploymentPostprocessing = 0;
		};
/* End PBXFrameworksBuildPhase section */

/* Begin PBXGroup section */
		117EE3761E1BF50400E071E0 = {
			isa = PBXGroup;
			children = (
				117EE3811E1BF50400E071E0 /* SceneKitDemo */,
				117EE3801E1BF50400E071E0 /* Products */,
			);
			sourceTree = "<group>";
		};
		117EE3801E1BF50400E071E0 /* Products */ = {
			isa = PBXGroup;
			children = (
				117EE37F1E1BF50400E071E0 /* SceneKitDemo.app */,
			);
			name = Products;
			sourceTree = "<group>";
		};
		117EE3811E1BF50400E071E0 /* SceneKitDemo */ = {
			isa = PBXGroup;
			children = (
				117EE3821E1BF50400E071E0 /* AppDelegate.swift */,
				117EE3841E1BF50400E071E0 /* art.scnassets */,
				117EE3861E1BF50400E071E0 /* GameViewController.swift */,
				117EE3881E1BF50400E071E0 /* Main.storyboard */,
				117EE38B1E1BF50400E071E0 /* Assets.xcassets */,
				117EE38D1E1BF50400E071E0 /* LaunchScreen.storyboard */,
				117EE3901E1BF50400E071E0 /* Info.plist */,
			);
			path = SceneKitDemo;
			sourceTree = "<group>";
		};
/* End PBXGroup section */

/* Begin PBXNativeTarget section */
		117EE37E1E1BF50400E071E0 /* SceneKitDemo */ = {
			isa = PBXNativeTarget;
			buildConfigurationList = 117EE3931E1BF50400E071E0 /* Build configuration list for PBXNativeTarget "SceneKitDemo" */;
			buildPhases = (
				117EE37B1E1BF50400E071E0 /* Sources */,
				117EE37C1E1BF50400E071E0 /* Frameworks */,
				117EE37D1E1BF50400E071E0 /* Resources */,
			);
			buildRules = (
			);
			dependencies = (
			);
			name = SceneKitDemo;
			productName = SceneKitDemo;
			productReference = 117EE37F1E1BF50400E071E0 /* SceneKitDemo.app */;
			productType = "com.apple.product-type.application";
		};
/* End PBXNativeTarget section */

/* Begin PBXProject section */
		117EE3771E1BF50400E071E0 /* Project object */ = {
			isa = PBXProject;
			attributes = {
				LastSwiftUpdateCheck = 0810;
				LastUpgradeCheck = 0810;
				ORGANIZATIONNAME = Dougly;
				TargetAttributes = {
					117EE37E1E1BF50400E071E0 = {
						CreatedOnToolsVersion = 8.1;
						ProvisioningStyle = Automatic;
					};
				};
			};
			buildConfigurationList = 117EE37A1E1BF50400E071E0 /* Build configuration list for PBXProject "SceneKitDemo" */;
			compatibilityVersion = "Xcode 3.2";
			developmentRegion = English;
			hasScannedForEncodings = 0;
			knownRegions = (
				en,
				Base,
			);
			mainGroup = 117EE3761E1BF50400E071E0;
			productRefGroup = 117EE3801E1BF50400E071E0 /* Products */;
			projectDirPath = "";
			projectRoot = "";
			targets = (
				117EE37E1E1BF50400E071E0 /* SceneKitDemo */,
			);
		};
/* End PBXProject section */

/* Begin PBXResourcesBuildPhase section */
		117EE37D1E1BF50400E071E0 /* Resources */ = {
			isa = PBXResourcesBuildPhase;
			buildActionMask = 2147483647;
			files = (
				117EE3851E1BF50400E071E0 /* art.scnassets in Resources */,
				117EE38F1E1BF50400E071E0 /* LaunchScreen.storyboard in Resources */,
				117EE38C1E1BF50400E071E0 /* Assets.xcassets in Resources */,
				117EE38A1E1BF50400E071E0 /* Main.storyboard in Resources */,
			);
			runOnlyForDeploymentPostprocessing = 0;
		};
/* End PBXResourcesBuildPhase section */

/* Begin PBXSourcesBuildPhase section */
		117EE37B1E1BF50400E071E0 /* Sources */ = {
			isa = PBXSourcesBuildPhase;
			buildActionMask = 2147483647;
			files = (
				117EE3871E1BF50400E071E0 /* GameViewController.swift in Sources */,
				117EE3831E1BF50400E071E0 /* AppDelegate.swift in Sources */,
			);
			runOnlyForDeploymentPostprocessing = 0;
		};
/* End PBXSourcesBuildPhase section */

/* Begin PBXVariantGroup section */
		117EE3881E1BF50400E071E0 /* Main.storyboard */ = {
			isa = PBXVariantGroup;
			children = (
				117EE3891E1BF50400E071E0 /* Base */,
			);
			name = Main.storyboard;
			sourceTree = "<group>";
		};
		117EE38D1E1BF50400E071E0 /* LaunchScreen.storyboard */ = {
			isa = PBXVariantGroup;
			children = (
				117EE38E1E1BF50400E071E0 /* Base */,
			);
			name = LaunchScreen.storyboard;
			sourceTree = "<group>";
		};
/* End PBXVariantGroup section */

/* Begin XCBuildConfiguration section */
		117EE3911E1BF50400E071E0 /* Debug */ = {
			isa = XCBuildConfiguration;
			buildSettings = {
				ALWAYS_SEARCH_USER_PATHS = NO;
				CLANG_ANALYZER_NONNULL = YES;
				CLANG_CXX_LANGUAGE_STANDARD = "gnu++0x";
				CLANG_CXX_LIBRARY = "libc++";
				CLANG_ENABLE_MODULES = YES;
				CLANG_ENABLE_OBJC_ARC = YES;
				CLANG_WARN_BOOL_CONVERSION = YES;
				CLANG_WARN_CONSTANT_CONVERSION = YES;
				CLANG_WARN_DIRECT_OBJC_ISA_USAGE = YES_ERROR;
				CLANG_WARN_DOCUMENTATION_COMMENTS = YES;
				CLANG_WARN_EMPTY_BODY = YES;
				CLANG_WARN_ENUM_CONVERSION = YES;
				CLANG_WARN_INFINITE_RECURSION = YES;
				CLANG_WARN_INT_CONVERSION = YES;
				CLANG_WARN_OBJC_ROOT_CLASS = YES_ERROR;
				CLANG_WARN_SUSPICIOUS_MOVES = YES;
				CLANG_WARN_UNREACHABLE_CODE = YES;
				CLANG_WARN__DUPLICATE_METHOD_MATCH = YES;
				"CODE_SIGN_IDENTITY[sdk=iphoneos*]" = "iPhone Developer";
				COPY_PHASE_STRIP = NO;
				DEBUG_INFORMATION_FORMAT = dwarf;
				ENABLE_STRICT_OBJC_MSGSEND = YES;
				ENABLE_TESTABILITY = YES;
				GCC_C_LANGUAGE_STANDARD = gnu99;
				GCC_DYNAMIC_NO_PIC = NO;
				GCC_NO_COMMON_BLOCKS = YES;
				GCC_OPTIMIZATION_LEVEL = 0;
				GCC_PREPROCESSOR_DEFINITIONS = (
					"DEBUG=1",
					"$(inherited)",
				);
				GCC_WARN_64_TO_32_BIT_CONVERSION = YES;
				GCC_WARN_ABOUT_RETURN_TYPE = YES_ERROR;
				GCC_WARN_UNDECLARED_SELECTOR = YES;
				GCC_WARN_UNINITIALIZED_AUTOS = YES_AGGRESSIVE;
				GCC_WARN_UNUSED_FUNCTION = YES;
				GCC_WARN_UNUSED_VARIABLE = YES;
				IPHONEOS_DEPLOYMENT_TARGET = 10.1;
				MTL_ENABLE_DEBUG_INFO = YES;
				ONLY_ACTIVE_ARCH = YES;
				SDKROOT = iphoneos;
				SWIFT_ACTIVE_COMPILATION_CONDITIONS = DEBUG;
				SWIFT_OPTIMIZATION_LEVEL = "-Onone";
				TARGETED_DEVICE_FAMILY = "1,2";
			};
			name = Debug;
		};
		117EE3921E1BF50400E071E0 /* Release */ = {
			isa = XCBuildConfiguration;
			buildSettings = {
				ALWAYS_SEARCH_USER_PATHS = NO;
				CLANG_ANALYZER_NONNULL = YES;
				CLANG_CXX_LANGUAGE_STANDARD = "gnu++0x";
				CLANG_CXX_LIBRARY = "libc++";
				CLANG_ENABLE_MODULES = YES;
				CLANG_ENABLE_OBJC_ARC = YES;
				CLANG_WARN_BOOL_CONVERSION = YES;
				CLANG_WARN_CONSTANT_CONVERSION = YES;
				CLANG_WARN_DIRECT_OBJC_ISA_USAGE = YES_ERROR;
				CLANG_WARN_DOCUMENTATION_COMMENTS = YES;
				CLANG_WARN_EMPTY_BODY = YES;
				CLANG_WARN_ENUM_CONVERSION = YES;
				CLANG_WARN_INFINITE_RECURSION = YES;
				CLANG_WARN_INT_CONVERSION = YES;
				CLANG_WARN_OBJC_ROOT_CLASS = YES_ERROR;
				CLANG_WARN_SUSPICIOUS_MOVES = YES;
				CLANG_WARN_UNREACHABLE_CODE = YES;
				CLANG_WARN__DUPLICATE_METHOD_MATCH = YES;
				"CODE_SIGN_IDENTITY[sdk=iphoneos*]" = "iPhone Developer";
				COPY_PHASE_STRIP = NO;
				DEBUG_INFORMATION_FORMAT = "dwarf-with-dsym";
				ENABLE_NS_ASSERTIONS = NO;
				ENABLE_STRICT_OBJC_MSGSEND = YES;
				GCC_C_LANGUAGE_STANDARD = gnu99;
				GCC_NO_COMMON_BLOCKS = YES;
				GCC_WARN_64_TO_32_BIT_CONVERSION = YES;
				GCC_WARN_ABOUT_RETURN_TYPE = YES_ERROR;
				GCC_WARN_UNDECLARED_SELECTOR = YES;
				GCC_WARN_UNINITIALIZED_AUTOS = YES_AGGRESSIVE;
				GCC_WARN_UNUSED_FUNCTION = YES;
				GCC_WARN_UNUSED_VARIABLE = YES;
				IPHONEOS_DEPLOYMENT_TARGET = 10.1;
				MTL_ENABLE_DEBUG_INFO = NO;
				SDKROOT = iphoneos;
				SWIFT_OPTIMIZATION_LEVEL = "-Owholemodule";
				TARGETED_DEVICE_FAMILY = "1,2";
				VALIDATE_PRODUCT = YES;
			};
			name = Release;
		};
		117EE3941E1BF50400E071E0 /* Debug */ = {
			isa = XCBuildConfiguration;
			buildSettings = {
				ASSETCATALOG_COMPILER_APPICON_NAME = AppIcon;
				INFOPLIST_FILE = SceneKitDemo/Info.plist;
				LD_RUNPATH_SEARCH_PATHS = "$(inherited) @executable_path/Frameworks";
				PRODUCT_BUNDLE_IDENTIFIER = com.dougly.SceneKitDemo;
				PRODUCT_NAME = "$(TARGET_NAME)";
				SWIFT_VERSION = 3.0;
			};
			name = Debug;
		};
		117EE3951E1BF50400E071E0 /* Release */ = {
			isa = XCBuildConfiguration;
			buildSettings = {
				ASSETCATALOG_COMPILER_APPICON_NAME = AppIcon;
				INFOPLIST_FILE = SceneKitDemo/Info.plist;
				LD_RUNPATH_SEARCH_PATHS = "$(inherited) @executable_path/Frameworks";
				PRODUCT_BUNDLE_IDENTIFIER = com.dougly.SceneKitDemo;
				PRODUCT_NAME = "$(TARGET_NAME)";
				SWIFT_VERSION = 3.0;
			};
			name = Release;
		};
/* End XCBuildConfiguration section */

/* Begin XCConfigurationList section */
		117EE37A1E1BF50400E071E0 /* Build configuration list for PBXProject "SceneKitDemo" */ = {
			isa = XCConfigurationList;
			buildConfigurations = (
				117EE3911E1BF50400E071E0 /* Debug */,
				117EE3921E1BF50400E071E0 /* Release */,
			);
			defaultConfigurationIsVisible = 0;
			defaultConfigurationName = Release;
		};
		117EE3931E1BF50400E071E0 /* Build configuration list for PBXNativeTarget "SceneKitDemo" */ = {
			isa = XCConfigurationList;
			buildConfigurations = (
				117EE3941E1BF50400E071E0 /* Debug */,
				117EE3951E1BF50400E071E0 /* Release */,
			);
			defaultConfigurationIsVisible = 0;
		};
/* End XCConfigurationList section */
	};
	rootObject = 117EE3771E1BF50400E071E0 /* Project object */;
}
